
Microsoft Visual Studio Solution File, Format Version 12.00
# Visual Studio 2012
Project("{FAE04EC0-301F-11D3-BF4B-00C04F79EFBC}") = "Dinnercode_PrimeFactors", "Dinnercode_PrimeFactors\Dinnercode_PrimeFactors.csproj", "{57406C3D-E7B6-4D3C-99C6-DD11EAD38176}"
EndProject
Project("{FAE04EC0-301F-11D3-BF4B-00C04F79EFBC}") = "Dinnercode_PrimeFactors.Test", "Dinnercode_PrimeFactors.Test\Dinnercode_PrimeFactors.Test.csproj", "{AE1CEFAA-9003-4978-9E3C-B106E4CEA027}"
EndProject
Global
	GlobalSection(SolutionConfigurationPlatforms) = preSolution
		Debug|Any CPU = Debug|Any CPU
		Release|Any CPU = Release|Any CPU
	EndGlobalSection
	GlobalSection(ProjectConfigurationPlatforms) = postSolution
		{57406C3D-E7B6-4D3C-99C6-DD11EAD38176}.Debug|Any CPU.ActiveCfg = Debug|Any CPU
		{57406C3D-E7B6-4D3C-99C6-DD11EAD38176}.Debug|Any CPU.Build.0 = Debug|Any CPU
		{57406C3D-E7B6-4D3C-99C6-DD11EAD38176}.Release|Any CPU.ActiveCfg = Release|Any CPU
		{57406C3D-E7B6-4D3C-99C6-DD11EAD38176}.Release|Any CPU.Build.0 = Release|Any CPU
		{AE1CEFAA-9003-4978-9E3C-B106E4CEA027}.Debug|Any CPU.ActiveCfg = Debug|Any CPU
		{AE1CEFAA-9003-4978-9E3C-B106E4CEA027}.Debug|Any CPU.Build.0 = Debug|Any CPU
		{AE1CEFAA-9003-4978-9E3C-B106E4CEA027}.Release|Any CPU.ActiveCfg = Release|Any CPU
		{AE1CEFAA-9003-4978-9E3C-B106E4CEA027}.Release|Any CPU.Build.0 = Release|Any CPU
	EndGlobalSection
	GlobalSection(SolutionProperties) = preSolution
		HideSolutionNode = FALSE
	EndGlobalSection
EndGlobal
